
Microsoft Visual Studio Solution File, Format Version 12.00
# Visual Studio Version 17
VisualStudioVersion = 17.7.34202.233
MinimumVisualStudioVersion = 10.0.40219.1
Project("{FAE04EC0-301F-11D3-BF4B-00C04F79EFBC}") = "240124", "240124\240124.csproj", "{A7A6AB2E-9C25-4F17-830F-3E9ED67D91D6}"
EndProject
Global
	GlobalSection(SolutionConfigurationPlatforms) = preSolution
		Debug|Any CPU = Debug|Any CPU
		Release|Any CPU = Release|Any CPU
	EndGlobalSection
	GlobalSection(ProjectConfigurationPlatforms) = postSolution
		{A7A6AB2E-9C25-4F17-830F-3E9ED67D91D6}.Debug|Any CPU.ActiveCfg = Debug|Any CPU
		{A7A6AB2E-9C25-4F17-830F-3E9ED67D91D6}.Debug|Any CPU.Build.0 = Debug|Any CPU
		{A7A6AB2E-9C25-4F17-830F-3E9ED67D91D6}.Release|Any CPU.ActiveCfg = Release|Any CPU
		{A7A6AB2E-9C25-4F17-830F-3E9ED67D91D6}.Release|Any CPU.Build.0 = Release|Any CPU
	EndGlobalSection
	GlobalSection(SolutionProperties) = preSolution
		HideSolutionNode = FALSE
	EndGlobalSection
	GlobalSection(ExtensibilityGlobals) = postSolution
		SolutionGuid = {64FE4CA4-1080-4C78-AEEF-6BB37B9BBA75}
	EndGlobalSection
EndGlobal
